{
  "originHash" : "0a0f496d87a183ff52c31d245851734a0acf2792a2b72e42b00a7bf4b060ff06",
  "pins" : [
    {
      "identity" : "brick_swiftui",
      "kind" : "remoteSourceControl",
      "location" : "https://github.com/zjinhu/Brick_SwiftUI.git",
      "state" : {
        "revision" : "0ac760661616dd74f75053b9adf007119370ad09",
        "version" : "0.7.3"
      }
    }
  ],
  "version" : 3
}
