{
  "originHash" : "d5cb7be984798f77568e973168c0bb935153424027b3cbc0b297c913cf39bed0",
  "pins" : [
    {
      "identity" : "brick_swiftui",
      "kind" : "remoteSourceControl",
      "location" : "https://github.com/zjinhu/Brick_SwiftUI.git",
      "state" : {
        "revision" : "4d6399e40893e6e43c156ee8475039a4fc038400",
        "version" : "0.3.5"
      }
    },
    {
      "identity" : "pagertabstripview",
      "kind" : "remoteSourceControl",
      "location" : "https://github.com/zjinhu/PagerTabStripView.git",
      "state" : {
        "revision" : "d328c2e08fdf49d4f690e5629b47d41e220a8031",
        "version" : "0.0.2"
      }
    }
  ],
  "version" : 3
}
