{
  "originHash" : "7253486d6c2abc5b982099ada55ffe88c44182dec8271ee616e01e66b6e43627",
  "pins" : [
    {
      "identity" : "brick_swiftui",
      "kind" : "remoteSourceControl",
      "location" : "https://github.com/zjinhu/Brick_SwiftUI.git",
      "state" : {
        "revision" : "0ac760661616dd74f75053b9adf007119370ad09",
        "version" : "0.7.3"
      }
    }
  ],
  "version" : 3
}
